
Microsoft Visual Studio Solution File, Format Version 12.00
# Visual Studio Version 16
VisualStudioVersion = 16.0.31410.357
MinimumVisualStudioVersion = 10.0.40219.1
Project("{2150E333-8FDC-42A3-9474-1A3956D46DE8}") = "1 - Sync e Async - Basic Sample", "1 - Sync e Async - Basic Sample", "{F4798241-FC2A-4284-8950-3E9C5A145ADF}"
EndProject
Project("{9A19103F-16F7-4668-BE54-9A1E7A4F7556}") = "Async", "Async\Async.csproj", "{A9E9F5C0-8B40-444D-A836-9CB9196CD27A}"
EndProject
Project("{9A19103F-16F7-4668-BE54-9A1E7A4F7556}") = "EAP", "EAP\EAP.csproj", "{EBDBBE9E-AFF6-428C-9720-8AA6B8D50FC5}"
EndProject
Project("{2150E333-8FDC-42A3-9474-1A3956D46DE8}") = "2 - Async - APM - Asynchronous Programming Model", "2 - Async - APM - Asynchronous Programming Model", "{A9101240-E74B-4EE9-BC94-9243DD606324}"
EndProject
Project("{2150E333-8FDC-42A3-9474-1A3956D46DE8}") = "3 - Async - EAP - Event-based Asynchronous Pattern", "3 - Async - EAP - Event-based Asynchronous Pattern", "{91AE7D90-D07B-4A3B-95F1-2F6EE1082854}"
EndProject
Project("{9A19103F-16F7-4668-BE54-9A1E7A4F7556}") = "APM", "APM\APM.csproj", "{ECFC9095-BB83-4D82-AC1F-490C6085CB46}"
EndProject
Project("{9A19103F-16F7-4668-BE54-9A1E7A4F7556}") = "Sync", "Sync\Sync.csproj", "{AE6EBE03-B4CF-4B1F-BBB5-283F990A7CF8}"
EndProject
Project("{2150E333-8FDC-42A3-9474-1A3956D46DE8}") = "1 - Invocando async em metodos sync", "1 - Invocando async em metodos sync", "{006F062C-75B8-4C2C-A81C-89C75BF75062}"
EndProject
Project("{9A19103F-16F7-4668-BE54-9A1E7A4F7556}") = "MethodAsyncInMethodSync", "MethodAsyncInMethodSync\MethodAsyncInMethodSync.csproj", "{37BF510B-4370-4986-83F6-C5EB77F34C50}"
EndProject
Project("{9A19103F-16F7-4668-BE54-9A1E7A4F7556}") = "AsyncValueTask", "AsyncValueTask\AsyncValueTask.csproj", "{B7AD0926-8FF9-4269-8DC4-DF14CA52991F}"
EndProject
Project("{2150E333-8FDC-42A3-9474-1A3956D46DE8}") = "4 - Task e ValueTask", "4 - Task e ValueTask", "{26C7D04B-617D-4ABE-B86F-5D291EDF8689}"
EndProject
Project("{9A19103F-16F7-4668-BE54-9A1E7A4F7556}") = "AsyncStreams", "AsyncStreams\AsyncStreams.csproj", "{71080B3D-904C-44C1-94F8-E2934C33DCE9}"
EndProject
Project("{2150E333-8FDC-42A3-9474-1A3956D46DE8}") = "3 - Async Streams", "3 - Async Streams", "{9E768D44-D445-4335-AE90-D158C211FAA7}"
EndProject
Project("{2150E333-8FDC-42A3-9474-1A3956D46DE8}") = "2 - Monitoring Tasks", "2 - Monitoring Tasks", "{CC5F1FEA-AE6D-4D75-B4EA-088CEE160D69}"
EndProject
Project("{9A19103F-16F7-4668-BE54-9A1E7A4F7556}") = "AsyncMonitoringTask", "AsyncMonitoringTask\AsyncMonitoringTask.csproj", "{01F9ED55-568D-4DFA-8E80-1DAAD370F875}"
EndProject
Project("{2150E333-8FDC-42A3-9474-1A3956D46DE8}") = "1 - Sync", "1 - Sync", "{B0C31725-5893-4A6B-A456-730372FEFBBF}"
EndProject
Project("{2150E333-8FDC-42A3-9474-1A3956D46DE8}") = "2 - Async", "2 - Async", "{0906B7E1-36D8-4884-BEA1-497341D5DC6E}"
EndProject
Project("{9A19103F-16F7-4668-BE54-9A1E7A4F7556}") = "AppSyncDownloadString", "AppSyncDownloadString\AppSyncDownloadString.csproj", "{CE0AAA0E-0F15-48A0-96F1-5169DF675331}"
EndProject
Project("{2150E333-8FDC-42A3-9474-1A3956D46DE8}") = "2. Sync e Async - Real Sample", "2. Sync e Async - Real Sample", "{43A21B6E-3261-466C-8CF6-50C6AAAC7624}"
EndProject
Project("{2150E333-8FDC-42A3-9474-1A3956D46DE8}") = "1 - Sync", "1 - Sync", "{2438C969-BF5B-48D7-8610-275250787E69}"
EndProject
Project("{2150E333-8FDC-42A3-9474-1A3956D46DE8}") = "4 - Async - TAP - Task-based Asynchronous Pattern", "4 - Async - TAP - Task-based Asynchronous Pattern", "{0D6DF793-9365-4235-BEA3-12259A7E5B1A}"
EndProject
Project("{9A19103F-16F7-4668-BE54-9A1E7A4F7556}") = "AppAsyncTAPDownloadString", "AppAsyncTAPDownloadString\AppAsyncTAPDownloadString.csproj", "{5CD6CB8B-904F-48CB-A692-734CEB912F1A}"
EndProject
Project("{2150E333-8FDC-42A3-9474-1A3956D46DE8}") = "3. Async Advanced", "3. Async Advanced", "{F4EDF9EF-947E-41C3-878C-A1016DDCAF02}"
EndProject
Project("{2150E333-8FDC-42A3-9474-1A3956D46DE8}") = "5 - Parallel Programming", "5 - Parallel Programming", "{7E871D56-33EA-4A1E-8A17-B043E37BF5B5}"
EndProject
Project("{FAE04EC0-301F-11D3-BF4B-00C04F79EFBC}") = "AppParallelProgram", "AppParallelProgram\AppParallelProgram.csproj", "{7655F703-F6C6-4A41-9A64-994F17C915D1}"
EndProject
Global
	GlobalSection(SolutionConfigurationPlatforms) = preSolution
		Debug|Any CPU = Debug|Any CPU
		Release|Any CPU = Release|Any CPU
	EndGlobalSection
	GlobalSection(ProjectConfigurationPlatforms) = postSolution
		{A9E9F5C0-8B40-444D-A836-9CB9196CD27A}.Debug|Any CPU.ActiveCfg = Debug|Any CPU
		{A9E9F5C0-8B40-444D-A836-9CB9196CD27A}.Debug|Any CPU.Build.0 = Debug|Any CPU
		{A9E9F5C0-8B40-444D-A836-9CB9196CD27A}.Release|Any CPU.ActiveCfg = Release|Any CPU
		{A9E9F5C0-8B40-444D-A836-9CB9196CD27A}.Release|Any CPU.Build.0 = Release|Any CPU
		{EBDBBE9E-AFF6-428C-9720-8AA6B8D50FC5}.Debug|Any CPU.ActiveCfg = Debug|Any CPU
		{EBDBBE9E-AFF6-428C-9720-8AA6B8D50FC5}.Debug|Any CPU.Build.0 = Debug|Any CPU
		{EBDBBE9E-AFF6-428C-9720-8AA6B8D50FC5}.Release|Any CPU.ActiveCfg = Release|Any CPU
		{EBDBBE9E-AFF6-428C-9720-8AA6B8D50FC5}.Release|Any CPU.Build.0 = Release|Any CPU
		{ECFC9095-BB83-4D82-AC1F-490C6085CB46}.Debug|Any CPU.ActiveCfg = Debug|Any CPU
		{ECFC9095-BB83-4D82-AC1F-490C6085CB46}.Debug|Any CPU.Build.0 = Debug|Any CPU
		{ECFC9095-BB83-4D82-AC1F-490C6085CB46}.Release|Any CPU.ActiveCfg = Release|Any CPU
		{ECFC9095-BB83-4D82-AC1F-490C6085CB46}.Release|Any CPU.Build.0 = Release|Any CPU
		{AE6EBE03-B4CF-4B1F-BBB5-283F990A7CF8}.Debug|Any CPU.ActiveCfg = Debug|Any CPU
		{AE6EBE03-B4CF-4B1F-BBB5-283F990A7CF8}.Debug|Any CPU.Build.0 = Debug|Any CPU
		{AE6EBE03-B4CF-4B1F-BBB5-283F990A7CF8}.Release|Any CPU.ActiveCfg = Release|Any CPU
		{AE6EBE03-B4CF-4B1F-BBB5-283F990A7CF8}.Release|Any CPU.Build.0 = Release|Any CPU
		{37BF510B-4370-4986-83F6-C5EB77F34C50}.Debug|Any CPU.ActiveCfg = Debug|Any CPU
		{37BF510B-4370-4986-83F6-C5EB77F34C50}.Debug|Any CPU.Build.0 = Debug|Any CPU
		{37BF510B-4370-4986-83F6-C5EB77F34C50}.Release|Any CPU.ActiveCfg = Release|Any CPU
		{37BF510B-4370-4986-83F6-C5EB77F34C50}.Release|Any CPU.Build.0 = Release|Any CPU
		{B7AD0926-8FF9-4269-8DC4-DF14CA52991F}.Debug|Any CPU.ActiveCfg = Debug|Any CPU
		{B7AD0926-8FF9-4269-8DC4-DF14CA52991F}.Debug|Any CPU.Build.0 = Debug|Any CPU
		{B7AD0926-8FF9-4269-8DC4-DF14CA52991F}.Release|Any CPU.ActiveCfg = Release|Any CPU
		{B7AD0926-8FF9-4269-8DC4-DF14CA52991F}.Release|Any CPU.Build.0 = Release|Any CPU
		{71080B3D-904C-44C1-94F8-E2934C33DCE9}.Debug|Any CPU.ActiveCfg = Debug|Any CPU
		{71080B3D-904C-44C1-94F8-E2934C33DCE9}.Debug|Any CPU.Build.0 = Debug|Any CPU
		{71080B3D-904C-44C1-94F8-E2934C33DCE9}.Release|Any CPU.ActiveCfg = Release|Any CPU
		{71080B3D-904C-44C1-94F8-E2934C33DCE9}.Release|Any CPU.Build.0 = Release|Any CPU
		{01F9ED55-568D-4DFA-8E80-1DAAD370F875}.Debug|Any CPU.ActiveCfg = Debug|Any CPU
		{01F9ED55-568D-4DFA-8E80-1DAAD370F875}.Debug|Any CPU.Build.0 = Debug|Any CPU
		{01F9ED55-568D-4DFA-8E80-1DAAD370F875}.Release|Any CPU.ActiveCfg = Release|Any CPU
		{01F9ED55-568D-4DFA-8E80-1DAAD370F875}.Release|Any CPU.Build.0 = Release|Any CPU
		{CE0AAA0E-0F15-48A0-96F1-5169DF675331}.Debug|Any CPU.ActiveCfg = Debug|Any CPU
		{CE0AAA0E-0F15-48A0-96F1-5169DF675331}.Debug|Any CPU.Build.0 = Debug|Any CPU
		{CE0AAA0E-0F15-48A0-96F1-5169DF675331}.Release|Any CPU.ActiveCfg = Release|Any CPU
		{CE0AAA0E-0F15-48A0-96F1-5169DF675331}.Release|Any CPU.Build.0 = Release|Any CPU
		{5CD6CB8B-904F-48CB-A692-734CEB912F1A}.Debug|Any CPU.ActiveCfg = Debug|Any CPU
		{5CD6CB8B-904F-48CB-A692-734CEB912F1A}.Debug|Any CPU.Build.0 = Debug|Any CPU
		{5CD6CB8B-904F-48CB-A692-734CEB912F1A}.Release|Any CPU.ActiveCfg = Release|Any CPU
		{5CD6CB8B-904F-48CB-A692-734CEB912F1A}.Release|Any CPU.Build.0 = Release|Any CPU
		{7655F703-F6C6-4A41-9A64-994F17C915D1}.Debug|Any CPU.ActiveCfg = Debug|Any CPU
		{7655F703-F6C6-4A41-9A64-994F17C915D1}.Debug|Any CPU.Build.0 = Debug|Any CPU
		{7655F703-F6C6-4A41-9A64-994F17C915D1}.Release|Any CPU.ActiveCfg = Release|Any CPU
		{7655F703-F6C6-4A41-9A64-994F17C915D1}.Release|Any CPU.Build.0 = Release|Any CPU
	EndGlobalSection
	GlobalSection(SolutionProperties) = preSolution
		HideSolutionNode = FALSE
	EndGlobalSection
	GlobalSection(NestedProjects) = preSolution
		{A9E9F5C0-8B40-444D-A836-9CB9196CD27A} = {0906B7E1-36D8-4884-BEA1-497341D5DC6E}
		{EBDBBE9E-AFF6-428C-9720-8AA6B8D50FC5} = {91AE7D90-D07B-4A3B-95F1-2F6EE1082854}
		{A9101240-E74B-4EE9-BC94-9243DD606324} = {43A21B6E-3261-466C-8CF6-50C6AAAC7624}
		{91AE7D90-D07B-4A3B-95F1-2F6EE1082854} = {43A21B6E-3261-466C-8CF6-50C6AAAC7624}
		{ECFC9095-BB83-4D82-AC1F-490C6085CB46} = {A9101240-E74B-4EE9-BC94-9243DD606324}
		{AE6EBE03-B4CF-4B1F-BBB5-283F990A7CF8} = {B0C31725-5893-4A6B-A456-730372FEFBBF}
		{006F062C-75B8-4C2C-A81C-89C75BF75062} = {F4EDF9EF-947E-41C3-878C-A1016DDCAF02}
		{37BF510B-4370-4986-83F6-C5EB77F34C50} = {006F062C-75B8-4C2C-A81C-89C75BF75062}
		{B7AD0926-8FF9-4269-8DC4-DF14CA52991F} = {26C7D04B-617D-4ABE-B86F-5D291EDF8689}
		{26C7D04B-617D-4ABE-B86F-5D291EDF8689} = {F4EDF9EF-947E-41C3-878C-A1016DDCAF02}
		{71080B3D-904C-44C1-94F8-E2934C33DCE9} = {9E768D44-D445-4335-AE90-D158C211FAA7}
		{9E768D44-D445-4335-AE90-D158C211FAA7} = {F4EDF9EF-947E-41C3-878C-A1016DDCAF02}
		{CC5F1FEA-AE6D-4D75-B4EA-088CEE160D69} = {F4EDF9EF-947E-41C3-878C-A1016DDCAF02}
		{01F9ED55-568D-4DFA-8E80-1DAAD370F875} = {CC5F1FEA-AE6D-4D75-B4EA-088CEE160D69}
		{B0C31725-5893-4A6B-A456-730372FEFBBF} = {F4798241-FC2A-4284-8950-3E9C5A145ADF}
		{0906B7E1-36D8-4884-BEA1-497341D5DC6E} = {F4798241-FC2A-4284-8950-3E9C5A145ADF}
		{CE0AAA0E-0F15-48A0-96F1-5169DF675331} = {2438C969-BF5B-48D7-8610-275250787E69}
		{2438C969-BF5B-48D7-8610-275250787E69} = {43A21B6E-3261-466C-8CF6-50C6AAAC7624}
		{0D6DF793-9365-4235-BEA3-12259A7E5B1A} = {43A21B6E-3261-466C-8CF6-50C6AAAC7624}
		{5CD6CB8B-904F-48CB-A692-734CEB912F1A} = {0D6DF793-9365-4235-BEA3-12259A7E5B1A}
		{7E871D56-33EA-4A1E-8A17-B043E37BF5B5} = {F4EDF9EF-947E-41C3-878C-A1016DDCAF02}
		{7655F703-F6C6-4A41-9A64-994F17C915D1} = {7E871D56-33EA-4A1E-8A17-B043E37BF5B5}
	EndGlobalSection
	GlobalSection(ExtensibilityGlobals) = postSolution
		SolutionGuid = {36097840-CCC0-463E-A65D-DD5E4D9113DE}
	EndGlobalSection
EndGlobal
